
Microsoft Visual Studio Solution File, Format Version 12.00
# Visual Studio Version 17
VisualStudioVersion = 17.9.34622.214
MinimumVisualStudioVersion = 10.0.40219.1
Project("{9A19103F-16F7-4668-BE54-9A1E7A4F7556}") = "RecordKeeperWinForm", "RecordKeeperWinForm\RecordKeeperWinForm.csproj", "{592F05D7-90FE-4A5F-AD8C-7EA0BD73E63C}"
EndProject
Project("{FAE04EC0-301F-11D3-BF4B-00C04F79EFBC}") = "CPUFramework", "..\..\..\CPUFramework\CPUFramework.csproj", "{B18FE466-1C03-49D0-B8E0-5FF09B96C3D6}"
EndProject
Global
	GlobalSection(SolutionConfigurationPlatforms) = preSolution
		Debug|Any CPU = Debug|Any CPU
		Release|Any CPU = Release|Any CPU
	EndGlobalSection
	GlobalSection(ProjectConfigurationPlatforms) = postSolution
		{592F05D7-90FE-4A5F-AD8C-7EA0BD73E63C}.Debug|Any CPU.ActiveCfg = Debug|Any CPU
		{592F05D7-90FE-4A5F-AD8C-7EA0BD73E63C}.Debug|Any CPU.Build.0 = Debug|Any CPU
		{592F05D7-90FE-4A5F-AD8C-7EA0BD73E63C}.Release|Any CPU.ActiveCfg = Release|Any CPU
		{592F05D7-90FE-4A5F-AD8C-7EA0BD73E63C}.Release|Any CPU.Build.0 = Release|Any CPU
		{B18FE466-1C03-49D0-B8E0-5FF09B96C3D6}.Debug|Any CPU.ActiveCfg = Debug|Any CPU
		{B18FE466-1C03-49D0-B8E0-5FF09B96C3D6}.Debug|Any CPU.Build.0 = Debug|Any CPU
		{B18FE466-1C03-49D0-B8E0-5FF09B96C3D6}.Release|Any CPU.ActiveCfg = Release|Any CPU
		{B18FE466-1C03-49D0-B8E0-5FF09B96C3D6}.Release|Any CPU.Build.0 = Release|Any CPU
	EndGlobalSection
	GlobalSection(SolutionProperties) = preSolution
		HideSolutionNode = FALSE
	EndGlobalSection
	GlobalSection(ExtensibilityGlobals) = postSolution
		SolutionGuid = {79789E1B-A44E-4956-B5F9-9B322E5A5F51}
	EndGlobalSection
EndGlobal
